
Microsoft Visual Studio Solution File, Format Version 12.00
# Visual Studio Version 16
VisualStudioVersion = 25.0.1706.14
MinimumVisualStudioVersion = 10.0.40219.1
Project("{FAE04EC0-301F-11D3-BF4B-00C04F79EFBC}") = "Week13SQLite.db", "Week13SQLite.db\Week13SQLite.db.csproj", "{7C0D4699-6DFE-406B-8D72-D024F480B496}"
EndProject
Project("{FAE04EC0-301F-11D3-BF4B-00C04F79EFBC}") = "test", "test\test.csproj", "{F1CA2FE6-8289-4DC6-92AF-E53575DD084E}"
EndProject
Global
	GlobalSection(SolutionConfigurationPlatforms) = preSolution
		Debug|Any CPU = Debug|Any CPU
		Release|Any CPU = Release|Any CPU
	EndGlobalSection
	GlobalSection(ProjectConfigurationPlatforms) = postSolution
		{7C0D4699-6DFE-406B-8D72-D024F480B496}.Debug|Any CPU.ActiveCfg = Debug|Any CPU
		{7C0D4699-6DFE-406B-8D72-D024F480B496}.Debug|Any CPU.Build.0 = Debug|Any CPU
		{7C0D4699-6DFE-406B-8D72-D024F480B496}.Release|Any CPU.ActiveCfg = Release|Any CPU
		{7C0D4699-6DFE-406B-8D72-D024F480B496}.Release|Any CPU.Build.0 = Release|Any CPU
		{F1CA2FE6-8289-4DC6-92AF-E53575DD084E}.Debug|Any CPU.ActiveCfg = Debug|Any CPU
		{F1CA2FE6-8289-4DC6-92AF-E53575DD084E}.Debug|Any CPU.Build.0 = Debug|Any CPU
		{F1CA2FE6-8289-4DC6-92AF-E53575DD084E}.Release|Any CPU.ActiveCfg = Release|Any CPU
		{F1CA2FE6-8289-4DC6-92AF-E53575DD084E}.Release|Any CPU.Build.0 = Release|Any CPU
	EndGlobalSection
	GlobalSection(SolutionProperties) = preSolution
		HideSolutionNode = FALSE
	EndGlobalSection
	GlobalSection(ExtensibilityGlobals) = postSolution
		SolutionGuid = {91D8B34F-9373-4831-B0F6-5032BA0373B6}
	EndGlobalSection
EndGlobal
